
Microsoft Visual Studio Solution File, Format Version 12.00
# Visual Studio Version 17
VisualStudioVersion = 17.5.33414.496
MinimumVisualStudioVersion = 10.0.40219.1
Project("{9A19103F-16F7-4668-BE54-9A1E7A4F7556}") = "WebApi", "WebApi.csproj", "{58E69DBF-A2F3-4F10-BC4C-6B78D4E2D292}"
EndProject
Project("{9A19103F-16F7-4668-BE54-9A1E7A4F7556}") = "Domin", "..\Domin\Domin.csproj", "{703C7F87-9B87-472B-954C-BE0404173D69}"
EndProject
Project("{9A19103F-16F7-4668-BE54-9A1E7A4F7556}") = "Application", "..\Application\Application.csproj", "{C2711563-CF9D-492F-8125-B64910FD638B}"
EndProject
Global
	GlobalSection(SolutionConfigurationPlatforms) = preSolution
		Debug|Any CPU = Debug|Any CPU
		Release|Any CPU = Release|Any CPU
	EndGlobalSection
	GlobalSection(ProjectConfigurationPlatforms) = postSolution
		{58E69DBF-A2F3-4F10-BC4C-6B78D4E2D292}.Debug|Any CPU.ActiveCfg = Debug|Any CPU
		{58E69DBF-A2F3-4F10-BC4C-6B78D4E2D292}.Debug|Any CPU.Build.0 = Debug|Any CPU
		{58E69DBF-A2F3-4F10-BC4C-6B78D4E2D292}.Release|Any CPU.ActiveCfg = Release|Any CPU
		{58E69DBF-A2F3-4F10-BC4C-6B78D4E2D292}.Release|Any CPU.Build.0 = Release|Any CPU
		{703C7F87-9B87-472B-954C-BE0404173D69}.Debug|Any CPU.ActiveCfg = Debug|Any CPU
		{703C7F87-9B87-472B-954C-BE0404173D69}.Debug|Any CPU.Build.0 = Debug|Any CPU
		{703C7F87-9B87-472B-954C-BE0404173D69}.Release|Any CPU.ActiveCfg = Release|Any CPU
		{703C7F87-9B87-472B-954C-BE0404173D69}.Release|Any CPU.Build.0 = Release|Any CPU
		{C2711563-CF9D-492F-8125-B64910FD638B}.Debug|Any CPU.ActiveCfg = Debug|Any CPU
		{C2711563-CF9D-492F-8125-B64910FD638B}.Debug|Any CPU.Build.0 = Debug|Any CPU
		{C2711563-CF9D-492F-8125-B64910FD638B}.Release|Any CPU.ActiveCfg = Release|Any CPU
		{C2711563-CF9D-492F-8125-B64910FD638B}.Release|Any CPU.Build.0 = Release|Any CPU
	EndGlobalSection
	GlobalSection(SolutionProperties) = preSolution
		HideSolutionNode = FALSE
	EndGlobalSection
	GlobalSection(ExtensibilityGlobals) = postSolution
		SolutionGuid = {47726E24-1FB4-4A04-BE4B-73B51A99F7E5}
	EndGlobalSection
EndGlobal
